
Microsoft Visual Studio Solution File, Format Version 12.00
# Visual Studio Version 17
VisualStudioVersion = 17.5.33424.131
MinimumVisualStudioVersion = 10.0.40219.1
Project("{FAE04EC0-301F-11D3-BF4B-00C04F79EFBC}") = "FlightReservationProject", "FlightReservationProject.csproj", "{B246ACFC-CECB-451F-B677-4FD9FC1CF6AA}"
EndProject
Global
	GlobalSection(SolutionConfigurationPlatforms) = preSolution
		Debug|Any CPU = Debug|Any CPU
		Release|Any CPU = Release|Any CPU
	EndGlobalSection
	GlobalSection(ProjectConfigurationPlatforms) = postSolution
		{B246ACFC-CECB-451F-B677-4FD9FC1CF6AA}.Debug|Any CPU.ActiveCfg = Debug|Any CPU
		{B246ACFC-CECB-451F-B677-4FD9FC1CF6AA}.Debug|Any CPU.Build.0 = Debug|Any CPU
		{B246ACFC-CECB-451F-B677-4FD9FC1CF6AA}.Release|Any CPU.ActiveCfg = Release|Any CPU
		{B246ACFC-CECB-451F-B677-4FD9FC1CF6AA}.Release|Any CPU.Build.0 = Release|Any CPU
	EndGlobalSection
	GlobalSection(SolutionProperties) = preSolution
		HideSolutionNode = FALSE
	EndGlobalSection
	GlobalSection(ExtensibilityGlobals) = postSolution
		SolutionGuid = {0E362D60-7BBD-43D6-BA3B-963765C1B6D3}
	EndGlobalSection
EndGlobal
